
Microsoft Visual Studio Solution File, Format Version 12.00
# Visual Studio Version 17
VisualStudioVersion = 17.9.34728.123
MinimumVisualStudioVersion = 10.0.40219.1
Project("{FAE04EC0-301F-11D3-BF4B-00C04F79EFBC}") = "Dungeon Crawler", "Dungeon Crawler\Dungeon Crawler.csproj", "{8B75272A-270C-48EE-84CD-2EAEB1E1B549}"
EndProject
Global
	GlobalSection(SolutionConfigurationPlatforms) = preSolution
		Debug|Any CPU = Debug|Any CPU
		Release|Any CPU = Release|Any CPU
	EndGlobalSection
	GlobalSection(ProjectConfigurationPlatforms) = postSolution
		{8B75272A-270C-48EE-84CD-2EAEB1E1B549}.Debug|Any CPU.ActiveCfg = Debug|Any CPU
		{8B75272A-270C-48EE-84CD-2EAEB1E1B549}.Debug|Any CPU.Build.0 = Debug|Any CPU
		{8B75272A-270C-48EE-84CD-2EAEB1E1B549}.Release|Any CPU.ActiveCfg = Release|Any CPU
		{8B75272A-270C-48EE-84CD-2EAEB1E1B549}.Release|Any CPU.Build.0 = Release|Any CPU
	EndGlobalSection
	GlobalSection(SolutionProperties) = preSolution
		HideSolutionNode = FALSE
	EndGlobalSection
	GlobalSection(ExtensibilityGlobals) = postSolution
		SolutionGuid = {6CE413AD-F6BE-4FE6-97B4-AAB35D8D75B1}
	EndGlobalSection
EndGlobal
